
Microsoft Visual Studio Solution File, Format Version 12.00
# Visual Studio 15
VisualStudioVersion = 15.0.28010.2048
MinimumVisualStudioVersion = 10.0.40219.1
Project("{8BC9CEB8-8B4A-11D0-8D11-00A0C91BC942}") = "Offline 1_1", "Offline 1_1.vcxproj", "{ACCE5525-14B5-4D18-87DB-B1F2BC465DEA}"
EndProject
Global
	GlobalSection(SolutionConfigurationPlatforms) = preSolution
		Debug|x64 = Debug|x64
		Debug|x86 = Debug|x86
		Release|x64 = Release|x64
		Release|x86 = Release|x86
	EndGlobalSection
	GlobalSection(ProjectConfigurationPlatforms) = postSolution
		{ACCE5525-14B5-4D18-87DB-B1F2BC465DEA}.Debug|x64.ActiveCfg = Debug|x64
		{ACCE5525-14B5-4D18-87DB-B1F2BC465DEA}.Debug|x64.Build.0 = Debug|x64
		{ACCE5525-14B5-4D18-87DB-B1F2BC465DEA}.Debug|x86.ActiveCfg = Debug|Win32
		{ACCE5525-14B5-4D18-87DB-B1F2BC465DEA}.Debug|x86.Build.0 = Debug|Win32
		{ACCE5525-14B5-4D18-87DB-B1F2BC465DEA}.Release|x64.ActiveCfg = Release|x64
		{ACCE5525-14B5-4D18-87DB-B1F2BC465DEA}.Release|x64.Build.0 = Release|x64
		{ACCE5525-14B5-4D18-87DB-B1F2BC465DEA}.Release|x86.ActiveCfg = Release|Win32
		{ACCE5525-14B5-4D18-87DB-B1F2BC465DEA}.Release|x86.Build.0 = Release|Win32
	EndGlobalSection
	GlobalSection(SolutionProperties) = preSolution
		HideSolutionNode = FALSE
	EndGlobalSection
	GlobalSection(ExtensibilityGlobals) = postSolution
		SolutionGuid = {90CFA906-1136-41A8-A473-434CB0E9BA79}
	EndGlobalSection
EndGlobal
